<?xml version="1.0" encoding="utf-8"?>
<Project ToolsVersion="4.0" xmlns="http://schemas.microsoft.com/developer/msbuild/2003">
  <ItemGroup>
    <Filter Include="Platform">
      <UniqueIdentifier>{2AC788B4-1694-E3BF-3FAD-D1672BD9184E}</UniqueIdentifier>
    </Filter>
    <Filter Include="Platform\Raylib">
      <UniqueIdentifier>{FC7A2723-6806-95E7-7117-18DCDD21F1E7}</UniqueIdentifier>
    </Filter>
    <Filter Include="Quaternion">
      <UniqueIdentifier>{EBB02014-D768-6261-4070-3BBD2C47FD51}</UniqueIdentifier>
    </Filter>
  </ItemGroup>
  <ItemGroup>
    <ClInclude Include="src\Platform\Raylib\RaylibDraw.h">
      <Filter>Platform\Raylib</Filter>
    </ClInclude>
    <ClInclude Include="src\Platform\Raylib\RaylibInput.h">
      <Filter>Platform\Raylib</Filter>
    </ClInclude>
    <ClInclude Include="src\Platform\Raylib\RaylibWindow.h">
      <Filter>Platform\Raylib</Filter>
    </ClInclude>
    <ClInclude Include="src\Quaternion.h" />
    <ClInclude Include="src\Quaternion\Application.h">
      <Filter>Quaternion</Filter>
    </ClInclude>
    <ClInclude Include="src\Quaternion\Core.h">
      <Filter>Quaternion</Filter>
    </ClInclude>
    <ClInclude Include="src\Quaternion\Draw.h">
      <Filter>Quaternion</Filter>
    </ClInclude>
    <ClInclude Include="src\Quaternion\EntryPoint.h">
      <Filter>Quaternion</Filter>
    </ClInclude>
    <ClInclude Include="src\Quaternion\Input.h">
      <Filter>Quaternion</Filter>
    </ClInclude>
    <ClInclude Include="src\Quaternion\Log.h">
      <Filter>Quaternion</Filter>
    </ClInclude>
    <ClInclude Include="src\Quaternion\Window.h">
      <Filter>Quaternion</Filter>
    </ClInclude>
    <ClInclude Include="src\pch.h" />
  </ItemGroup>
  <ItemGroup>
    <ClCompile Include="src\Platform\Raylib\RaylibDraw.cpp">
      <Filter>Platform\Raylib</Filter>
    </ClCompile>
    <ClCompile Include="src\Platform\Raylib\RaylibInput.cpp">
      <Filter>Platform\Raylib</Filter>
    </ClCompile>
    <ClCompile Include="src\Platform\Raylib\RaylibWindow.cpp">
      <Filter>Platform\Raylib</Filter>
    </ClCompile>
    <ClCompile Include="src\Quaternion\Application.cpp">
      <Filter>Quaternion</Filter>
    </ClCompile>
    <ClCompile Include="src\Quaternion\Log.cpp">
      <Filter>Quaternion</Filter>
    </ClCompile>
    <ClCompile Include="src\pch.cpp" />
  </ItemGroup>
</Project>